// !$*UTF8*$!
{
	archiveVersion = 1;
	classes = {
	};
	objectVersion = 54;
	objects = {

/* Begin PBXBuildFile section */
		825657B42B2282C1007EE228 /* Alamofire in Frameworks */ = {isa = PBXBuildFile; productRef = 825657B32B2282C1007EE228 /* Alamofire */; };
		825657B62B2289C7007EE228 /* ErrorMessage.swift in Sources */ = {isa = PBXBuildFile; fileRef = 825657B52B2289C7007EE228 /* ErrorMessage.swift */; };
		825657B92B229C73007EE228 /* Lottie in Frameworks */ = {isa = PBXBuildFile; productRef = 825657B82B229C73007EE228 /* Lottie */; };
		825657BB2B229C8D007EE228 /* launchCocktail.json in Resources */ = {isa = PBXBuildFile; fileRef = 825657BA2B229C8D007EE228 /* launchCocktail.json */; };
		825657C02B22A05B007EE228 /* Anchorage in Frameworks */ = {isa = PBXBuildFile; productRef = 825657BF2B22A05B007EE228 /* Anchorage */; };
		825657D92B22A44F007EE228 /* Jost-BlackItalic-BF63dc52d2ad65f.ttf in Resources */ = {isa = PBXBuildFile; fileRef = 825657C22B22A44F007EE228 /* Jost-BlackItalic-BF63dc52d2ad65f.ttf */; };
		825657DA2B22A44F007EE228 /* Jost-BoldItalic-BF63dc52d0bd749.ttf in Resources */ = {isa = PBXBuildFile; fileRef = 825657C32B22A44F007EE228 /* Jost-BoldItalic-BF63dc52d0bd749.ttf */; };
		825657DB2B22A44F007EE228 /* Jost-ExtraBold-BF63dc52d09ee91.ttf in Resources */ = {isa = PBXBuildFile; fileRef = 825657C42B22A44F007EE228 /* Jost-ExtraBold-BF63dc52d09ee91.ttf */; };
		825657DC2B22A44F007EE228 /* Jost-SemiBoldItalic-BF63dc52d467823.ttf in Resources */ = {isa = PBXBuildFile; fileRef = 825657C52B22A44F007EE228 /* Jost-SemiBoldItalic-BF63dc52d467823.ttf */; };
		825657DD2B22A44F007EE228 /* Jost-Light-BF63dc52d080910.ttf in Resources */ = {isa = PBXBuildFile; fileRef = 825657C62B22A44F007EE228 /* Jost-Light-BF63dc52d080910.ttf */; };
		825657DE2B22A44F007EE228 /* Jost-Regular.ttf in Resources */ = {isa = PBXBuildFile; fileRef = 825657C72B22A44F007EE228 /* Jost-Regular.ttf */; };
		825657DF2B22A44F007EE228 /* Jost-Black.ttf in Resources */ = {isa = PBXBuildFile; fileRef = 825657C82B22A44F007EE228 /* Jost-Black.ttf */; };
		825657E02B22A44F007EE228 /* README-BF63dc52e533e66.txt in Resources */ = {isa = PBXBuildFile; fileRef = 825657C92B22A44F007EE228 /* README-BF63dc52e533e66.txt */; };
		825657E12B22A44F007EE228 /* Jost-VariableFont_wght-BF63dc52d44abca.ttf in Resources */ = {isa = PBXBuildFile; fileRef = 825657CA2B22A44F007EE228 /* Jost-VariableFont_wght-BF63dc52d44abca.ttf */; };
		825657E22B22A44F007EE228 /* OFL-BF63dc52e41dc2b.txt in Resources */ = {isa = PBXBuildFile; fileRef = 825657CB2B22A44F007EE228 /* OFL-BF63dc52e41dc2b.txt */; };
		825657E32B22A44F007EE228 /* Jost-SemiBold.ttf in Resources */ = {isa = PBXBuildFile; fileRef = 825657CC2B22A44F007EE228 /* Jost-SemiBold.ttf */; };
		825657E42B22A44F007EE228 /* Jost-LightItalic-BF63dc52d317383.ttf in Resources */ = {isa = PBXBuildFile; fileRef = 825657CD2B22A44F007EE228 /* Jost-LightItalic-BF63dc52d317383.ttf */; };
		825657E52B22A44F007EE228 /* Jost-ExtraLight-BF63dc52cf9e5ef.ttf in Resources */ = {isa = PBXBuildFile; fileRef = 825657CE2B22A44F007EE228 /* Jost-ExtraLight-BF63dc52cf9e5ef.ttf */; };
		825657E62B22A44F007EE228 /* Jost-ThinItalic-BF63dc52d0b9091.ttf in Resources */ = {isa = PBXBuildFile; fileRef = 825657CF2B22A44F007EE228 /* Jost-ThinItalic-BF63dc52d0b9091.ttf */; };
		825657E72B22A44F007EE228 /* Jost-Italic-VariableFont_wght-BF63dc52d40a9ab.ttf in Resources */ = {isa = PBXBuildFile; fileRef = 825657D02B22A44F007EE228 /* Jost-Italic-VariableFont_wght-BF63dc52d40a9ab.ttf */; };
		825657E82B22A44F007EE228 /* Jost-ExtraBoldItalic-BF63dc52ceaed21.ttf in Resources */ = {isa = PBXBuildFile; fileRef = 825657D12B22A44F007EE228 /* Jost-ExtraBoldItalic-BF63dc52ceaed21.ttf */; };
		825657E92B22A44F007EE228 /* Befonts-License.txt in Resources */ = {isa = PBXBuildFile; fileRef = 825657D22B22A44F007EE228 /* Befonts-License.txt */; };
		825657EA2B22A44F007EE228 /* Jost-MediumItalic.ttf in Resources */ = {isa = PBXBuildFile; fileRef = 825657D32B22A44F007EE228 /* Jost-MediumItalic.ttf */; };
		825657EB2B22A44F007EE228 /* Jost-ExtraLightItalic-BF63dc52d196fc6.ttf in Resources */ = {isa = PBXBuildFile; fileRef = 825657D42B22A44F007EE228 /* Jost-ExtraLightItalic-BF63dc52d196fc6.ttf */; };
		825657EC2B22A44F007EE228 /* Jost-Medium.ttf in Resources */ = {isa = PBXBuildFile; fileRef = 825657D52B22A44F007EE228 /* Jost-Medium.ttf */; };
		825657ED2B22A44F007EE228 /* Jost-Bold-BF63dc52d022010.ttf in Resources */ = {isa = PBXBuildFile; fileRef = 825657D62B22A44F007EE228 /* Jost-Bold-BF63dc52d022010.ttf */; };
		825657EE2B22A44F007EE228 /* Jost-Thin-BF63dc52d04ca41.ttf in Resources */ = {isa = PBXBuildFile; fileRef = 825657D72B22A44F007EE228 /* Jost-Thin-BF63dc52d04ca41.ttf */; };
		825657EF2B22A44F007EE228 /* Jost-Italic-BF63dc52d04a053.ttf in Resources */ = {isa = PBXBuildFile; fileRef = 825657D82B22A44F007EE228 /* Jost-Italic-BF63dc52d04a053.ttf */; };
		825657F22B22B1F5007EE228 /* UIView+Extension.swift in Sources */ = {isa = PBXBuildFile; fileRef = 825657F12B22B1F5007EE228 /* UIView+Extension.swift */; };
		825657F42B22BB23007EE228 /* UIColorPalette.swift in Sources */ = {isa = PBXBuildFile; fileRef = 825657F32B22BB23007EE228 /* UIColorPalette.swift */; };
		AC6C00EC23934ADE009246FA /* AppDelegate.swift in Sources */ = {isa = PBXBuildFile; fileRef = AC6C00EB23934ADE009246FA /* AppDelegate.swift */; };
		AC6C00EE23934ADE009246FA /* SceneDelegate.swift in Sources */ = {isa = PBXBuildFile; fileRef = AC6C00ED23934ADE009246FA /* SceneDelegate.swift */; };
		AC6C00F023934ADE009246FA /* ViewController.swift in Sources */ = {isa = PBXBuildFile; fileRef = AC6C00EF23934ADE009246FA /* ViewController.swift */; };
		AC6C00F323934ADE009246FA /* Main.storyboard in Resources */ = {isa = PBXBuildFile; fileRef = AC6C00F123934ADE009246FA /* Main.storyboard */; };
		AC6C00F523934AE0009246FA /* Assets.xcassets in Resources */ = {isa = PBXBuildFile; fileRef = AC6C00F423934AE0009246FA /* Assets.xcassets */; };
		AC6C00F823934AE0009246FA /* LaunchScreen.storyboard in Resources */ = {isa = PBXBuildFile; fileRef = AC6C00F623934AE0009246FA /* LaunchScreen.storyboard */; };
		AC6C010323934AE0009246FA /* ChallengeAppTests.swift in Sources */ = {isa = PBXBuildFile; fileRef = AC6C010223934AE0009246FA /* ChallengeAppTests.swift */; };
		AC6C010E23934AE0009246FA /* ChallengeAppUITests.swift in Sources */ = {isa = PBXBuildFile; fileRef = AC6C010D23934AE0009246FA /* ChallengeAppUITests.swift */; };
		AC6C012223934D12009246FA /* Cocktail.swift in Sources */ = {isa = PBXBuildFile; fileRef = AC6C012123934D12009246FA /* Cocktail.swift */; };
		AC6C01242393507B009246FA /* Ingredient.swift in Sources */ = {isa = PBXBuildFile; fileRef = AC6C01232393507B009246FA /* Ingredient.swift */; };
		AC6C012623935CB7009246FA /* ApiClient.swift in Sources */ = {isa = PBXBuildFile; fileRef = AC6C012523935CB7009246FA /* ApiClient.swift */; };
		AC6C012823936216009246FA /* CocktailsApiRoute.swift in Sources */ = {isa = PBXBuildFile; fileRef = AC6C012723936216009246FA /* CocktailsApiRoute.swift */; };
		AC6C012A23936A55009246FA /* CocktailsViewModel.swift in Sources */ = {isa = PBXBuildFile; fileRef = AC6C012923936A55009246FA /* CocktailsViewModel.swift */; };
		AC6C012C23936A61009246FA /* BaseViewModel.swift in Sources */ = {isa = PBXBuildFile; fileRef = AC6C012B23936A61009246FA /* BaseViewModel.swift */; };
		AC6C01312393E6DB009246FA /* PreviewCocktailsViewModel.swift in Sources */ = {isa = PBXBuildFile; fileRef = AC6C01302393E6DA009246FA /* PreviewCocktailsViewModel.swift */; };
		AC6C01382393FBFE009246FA /* CocktailsPreviewTableViewCell.swift in Sources */ = {isa = PBXBuildFile; fileRef = AC6C01362393FBFE009246FA /* CocktailsPreviewTableViewCell.swift */; };
		AC6C01392393FBFE009246FA /* CocktailsPreviewTableViewCell.xib in Resources */ = {isa = PBXBuildFile; fileRef = AC6C01372393FBFE009246FA /* CocktailsPreviewTableViewCell.xib */; };
		ACDFF4242394019500B0DA98 /* CocktailsTableViewController.swift in Sources */ = {isa = PBXBuildFile; fileRef = ACDFF4232394019500B0DA98 /* CocktailsTableViewController.swift */; };
		ACDFF426239443B300B0DA98 /* CocktailDetailsViewController.swift in Sources */ = {isa = PBXBuildFile; fileRef = ACDFF425239443B300B0DA98 /* CocktailDetailsViewController.swift */; };
		ACDFF4282394634B00B0DA98 /* JSONModelForCocktails.swift in Sources */ = {isa = PBXBuildFile; fileRef = ACDFF4272394634B00B0DA98 /* JSONModelForCocktails.swift */; };
/* End PBXBuildFile section */

/* Begin PBXContainerItemProxy section */
		AC6C00FF23934AE0009246FA /* PBXContainerItemProxy */ = {
			isa = PBXContainerItemProxy;
			containerPortal = AC6C00E023934ADE009246FA /* Project object */;
			proxyType = 1;
			remoteGlobalIDString = AC6C00E723934ADE009246FA;
			remoteInfo = ChallengeApp;
		};
		AC6C010A23934AE0009246FA /* PBXContainerItemProxy */ = {
			isa = PBXContainerItemProxy;
			containerPortal = AC6C00E023934ADE009246FA /* Project object */;
			proxyType = 1;
			remoteGlobalIDString = AC6C00E723934ADE009246FA;
			remoteInfo = ChallengeApp;
		};
/* End PBXContainerItemProxy section */

/* Begin PBXFileReference section */
		825657B52B2289C7007EE228 /* ErrorMessage.swift */ = {isa = PBXFileReference; lastKnownFileType = sourcecode.swift; path = ErrorMessage.swift; sourceTree = "<group>"; };
		825657BA2B229C8D007EE228 /* launchCocktail.json */ = {isa = PBXFileReference; fileEncoding = 4; lastKnownFileType = text.json; path = launchCocktail.json; sourceTree = "<group>"; };
		825657C22B22A44F007EE228 /* Jost-BlackItalic-BF63dc52d2ad65f.ttf */ = {isa = PBXFileReference; lastKnownFileType = file; path = "Jost-BlackItalic-BF63dc52d2ad65f.ttf"; sourceTree = "<group>"; };
		825657C32B22A44F007EE228 /* Jost-BoldItalic-BF63dc52d0bd749.ttf */ = {isa = PBXFileReference; lastKnownFileType = file; path = "Jost-BoldItalic-BF63dc52d0bd749.ttf"; sourceTree = "<group>"; };
		825657C42B22A44F007EE228 /* Jost-ExtraBold-BF63dc52d09ee91.ttf */ = {isa = PBXFileReference; lastKnownFileType = file; path = "Jost-ExtraBold-BF63dc52d09ee91.ttf"; sourceTree = "<group>"; };
		825657C52B22A44F007EE228 /* Jost-SemiBoldItalic-BF63dc52d467823.ttf */ = {isa = PBXFileReference; lastKnownFileType = file; path = "Jost-SemiBoldItalic-BF63dc52d467823.ttf"; sourceTree = "<group>"; };
		825657C62B22A44F007EE228 /* Jost-Light-BF63dc52d080910.ttf */ = {isa = PBXFileReference; lastKnownFileType = file; path = "Jost-Light-BF63dc52d080910.ttf"; sourceTree = "<group>"; };
		825657C72B22A44F007EE228 /* Jost-Regular.ttf */ = {isa = PBXFileReference; lastKnownFileType = file; path = "Jost-Regular.ttf"; sourceTree = "<group>"; };
		825657C82B22A44F007EE228 /* Jost-Black.ttf */ = {isa = PBXFileReference; lastKnownFileType = file; path = "Jost-Black.ttf"; sourceTree = "<group>"; };
		825657C92B22A44F007EE228 /* README-BF63dc52e533e66.txt */ = {isa = PBXFileReference; fileEncoding = 4; lastKnownFileType = text; path = "README-BF63dc52e533e66.txt"; sourceTree = "<group>"; };
		825657CA2B22A44F007EE228 /* Jost-VariableFont_wght-BF63dc52d44abca.ttf */ = {isa = PBXFileReference; lastKnownFileType = file; path = "Jost-VariableFont_wght-BF63dc52d44abca.ttf"; sourceTree = "<group>"; };
		825657CB2B22A44F007EE228 /* OFL-BF63dc52e41dc2b.txt */ = {isa = PBXFileReference; fileEncoding = 4; lastKnownFileType = text; path = "OFL-BF63dc52e41dc2b.txt"; sourceTree = "<group>"; };
		825657CC2B22A44F007EE228 /* Jost-SemiBold.ttf */ = {isa = PBXFileReference; lastKnownFileType = file; path = "Jost-SemiBold.ttf"; sourceTree = "<group>"; };
		825657CD2B22A44F007EE228 /* Jost-LightItalic-BF63dc52d317383.ttf */ = {isa = PBXFileReference; lastKnownFileType = file; path = "Jost-LightItalic-BF63dc52d317383.ttf"; sourceTree = "<group>"; };
		825657CE2B22A44F007EE228 /* Jost-ExtraLight-BF63dc52cf9e5ef.ttf */ = {isa = PBXFileReference; lastKnownFileType = file; path = "Jost-ExtraLight-BF63dc52cf9e5ef.ttf"; sourceTree = "<group>"; };
		825657CF2B22A44F007EE228 /* Jost-ThinItalic-BF63dc52d0b9091.ttf */ = {isa = PBXFileReference; lastKnownFileType = file; path = "Jost-ThinItalic-BF63dc52d0b9091.ttf"; sourceTree = "<group>"; };
		825657D02B22A44F007EE228 /* Jost-Italic-VariableFont_wght-BF63dc52d40a9ab.ttf */ = {isa = PBXFileReference; lastKnownFileType = file; path = "Jost-Italic-VariableFont_wght-BF63dc52d40a9ab.ttf"; sourceTree = "<group>"; };
		825657D12B22A44F007EE228 /* Jost-ExtraBoldItalic-BF63dc52ceaed21.ttf */ = {isa = PBXFileReference; lastKnownFileType = file; path = "Jost-ExtraBoldItalic-BF63dc52ceaed21.ttf"; sourceTree = "<group>"; };
		825657D22B22A44F007EE228 /* Befonts-License.txt */ = {isa = PBXFileReference; fileEncoding = 4; lastKnownFileType = text; path = "Befonts-License.txt"; sourceTree = "<group>"; };
		825657D32B22A44F007EE228 /* Jost-MediumItalic.ttf */ = {isa = PBXFileReference; lastKnownFileType = file; path = "Jost-MediumItalic.ttf"; sourceTree = "<group>"; };
		825657D42B22A44F007EE228 /* Jost-ExtraLightItalic-BF63dc52d196fc6.ttf */ = {isa = PBXFileReference; lastKnownFileType = file; path = "Jost-ExtraLightItalic-BF63dc52d196fc6.ttf"; sourceTree = "<group>"; };
		825657D52B22A44F007EE228 /* Jost-Medium.ttf */ = {isa = PBXFileReference; lastKnownFileType = file; path = "Jost-Medium.ttf"; sourceTree = "<group>"; };
		825657D62B22A44F007EE228 /* Jost-Bold-BF63dc52d022010.ttf */ = {isa = PBXFileReference; lastKnownFileType = file; path = "Jost-Bold-BF63dc52d022010.ttf"; sourceTree = "<group>"; };
		825657D72B22A44F007EE228 /* Jost-Thin-BF63dc52d04ca41.ttf */ = {isa = PBXFileReference; lastKnownFileType = file; path = "Jost-Thin-BF63dc52d04ca41.ttf"; sourceTree = "<group>"; };
		825657D82B22A44F007EE228 /* Jost-Italic-BF63dc52d04a053.ttf */ = {isa = PBXFileReference; lastKnownFileType = file; path = "Jost-Italic-BF63dc52d04a053.ttf"; sourceTree = "<group>"; };
		825657F12B22B1F5007EE228 /* UIView+Extension.swift */ = {isa = PBXFileReference; lastKnownFileType = sourcecode.swift; path = "UIView+Extension.swift"; sourceTree = "<group>"; };
		825657F32B22BB23007EE228 /* UIColorPalette.swift */ = {isa = PBXFileReference; lastKnownFileType = sourcecode.swift; path = UIColorPalette.swift; sourceTree = "<group>"; };
		AC6C00E823934ADE009246FA /* ChallengeApp.app */ = {isa = PBXFileReference; explicitFileType = wrapper.application; includeInIndex = 0; path = ChallengeApp.app; sourceTree = BUILT_PRODUCTS_DIR; };
		AC6C00EB23934ADE009246FA /* AppDelegate.swift */ = {isa = PBXFileReference; lastKnownFileType = sourcecode.swift; path = AppDelegate.swift; sourceTree = "<group>"; };
		AC6C00ED23934ADE009246FA /* SceneDelegate.swift */ = {isa = PBXFileReference; lastKnownFileType = sourcecode.swift; path = SceneDelegate.swift; sourceTree = "<group>"; };
		AC6C00EF23934ADE009246FA /* ViewController.swift */ = {isa = PBXFileReference; lastKnownFileType = sourcecode.swift; path = ViewController.swift; sourceTree = "<group>"; };
		AC6C00F223934ADE009246FA /* Base */ = {isa = PBXFileReference; lastKnownFileType = file.storyboard; name = Base; path = Base.lproj/Main.storyboard; sourceTree = "<group>"; };
		AC6C00F423934AE0009246FA /* Assets.xcassets */ = {isa = PBXFileReference; lastKnownFileType = folder.assetcatalog; path = Assets.xcassets; sourceTree = "<group>"; };
		AC6C00F723934AE0009246FA /* Base */ = {isa = PBXFileReference; lastKnownFileType = file.storyboard; name = Base; path = Base.lproj/LaunchScreen.storyboard; sourceTree = "<group>"; };
		AC6C00F923934AE0009246FA /* Info.plist */ = {isa = PBXFileReference; lastKnownFileType = text.plist.xml; path = Info.plist; sourceTree = "<group>"; };
		AC6C00FE23934AE0009246FA /* ChallengeAppTests.xctest */ = {isa = PBXFileReference; explicitFileType = wrapper.cfbundle; includeInIndex = 0; path = ChallengeAppTests.xctest; sourceTree = BUILT_PRODUCTS_DIR; };
		AC6C010223934AE0009246FA /* ChallengeAppTests.swift */ = {isa = PBXFileReference; lastKnownFileType = sourcecode.swift; path = ChallengeAppTests.swift; sourceTree = "<group>"; };
		AC6C010423934AE0009246FA /* Info.plist */ = {isa = PBXFileReference; lastKnownFileType = text.plist.xml; path = Info.plist; sourceTree = "<group>"; };
		AC6C010923934AE0009246FA /* ChallengeAppUITests.xctest */ = {isa = PBXFileReference; explicitFileType = wrapper.cfbundle; includeInIndex = 0; path = ChallengeAppUITests.xctest; sourceTree = BUILT_PRODUCTS_DIR; };
		AC6C010D23934AE0009246FA /* ChallengeAppUITests.swift */ = {isa = PBXFileReference; lastKnownFileType = sourcecode.swift; path = ChallengeAppUITests.swift; sourceTree = "<group>"; };
		AC6C010F23934AE0009246FA /* Info.plist */ = {isa = PBXFileReference; lastKnownFileType = text.plist.xml; path = Info.plist; sourceTree = "<group>"; };
		AC6C012123934D12009246FA /* Cocktail.swift */ = {isa = PBXFileReference; lastKnownFileType = sourcecode.swift; path = Cocktail.swift; sourceTree = "<group>"; };
		AC6C01232393507B009246FA /* Ingredient.swift */ = {isa = PBXFileReference; lastKnownFileType = sourcecode.swift; path = Ingredient.swift; sourceTree = "<group>"; };
		AC6C012523935CB7009246FA /* ApiClient.swift */ = {isa = PBXFileReference; lastKnownFileType = sourcecode.swift; path = ApiClient.swift; sourceTree = "<group>"; };
		AC6C012723936216009246FA /* CocktailsApiRoute.swift */ = {isa = PBXFileReference; lastKnownFileType = sourcecode.swift; path = CocktailsApiRoute.swift; sourceTree = "<group>"; };
		AC6C012923936A55009246FA /* CocktailsViewModel.swift */ = {isa = PBXFileReference; lastKnownFileType = sourcecode.swift; path = CocktailsViewModel.swift; sourceTree = "<group>"; };
		AC6C012B23936A61009246FA /* BaseViewModel.swift */ = {isa = PBXFileReference; lastKnownFileType = sourcecode.swift; path = BaseViewModel.swift; sourceTree = "<group>"; };
		AC6C01302393E6DA009246FA /* PreviewCocktailsViewModel.swift */ = {isa = PBXFileReference; lastKnownFileType = sourcecode.swift; path = PreviewCocktailsViewModel.swift; sourceTree = "<group>"; };
		AC6C01362393FBFE009246FA /* CocktailsPreviewTableViewCell.swift */ = {isa = PBXFileReference; lastKnownFileType = sourcecode.swift; path = CocktailsPreviewTableViewCell.swift; sourceTree = "<group>"; };
		AC6C01372393FBFE009246FA /* CocktailsPreviewTableViewCell.xib */ = {isa = PBXFileReference; lastKnownFileType = file.xib; path = CocktailsPreviewTableViewCell.xib; sourceTree = "<group>"; };
		ACDFF4232394019500B0DA98 /* CocktailsTableViewController.swift */ = {isa = PBXFileReference; lastKnownFileType = sourcecode.swift; path = CocktailsTableViewController.swift; sourceTree = "<group>"; };
		ACDFF425239443B300B0DA98 /* CocktailDetailsViewController.swift */ = {isa = PBXFileReference; lastKnownFileType = sourcecode.swift; path = CocktailDetailsViewController.swift; sourceTree = "<group>"; };
		ACDFF4272394634B00B0DA98 /* JSONModelForCocktails.swift */ = {isa = PBXFileReference; lastKnownFileType = sourcecode.swift; path = JSONModelForCocktails.swift; sourceTree = "<group>"; };
/* End PBXFileReference section */

/* Begin PBXFrameworksBuildPhase section */
		AC6C00E523934ADE009246FA /* Frameworks */ = {
			isa = PBXFrameworksBuildPhase;
			buildActionMask = 2147483647;
			files = (
				825657C02B22A05B007EE228 /* Anchorage in Frameworks */,
				825657B42B2282C1007EE228 /* Alamofire in Frameworks */,
				825657B92B229C73007EE228 /* Lottie in Frameworks */,
			);
			runOnlyForDeploymentPostprocessing = 0;
		};
		AC6C00FB23934AE0009246FA /* Frameworks */ = {
			isa = PBXFrameworksBuildPhase;
			buildActionMask = 2147483647;
			files = (
			);
			runOnlyForDeploymentPostprocessing = 0;
		};
		AC6C010623934AE0009246FA /* Frameworks */ = {
			isa = PBXFrameworksBuildPhase;
			buildActionMask = 2147483647;
			files = (
			);
			runOnlyForDeploymentPostprocessing = 0;
		};
/* End PBXFrameworksBuildPhase section */

/* Begin PBXGroup section */
		825657C12B22A44F007EE228 /* jost-font-family */ = {
			isa = PBXGroup;
			children = (
				825657C22B22A44F007EE228 /* Jost-BlackItalic-BF63dc52d2ad65f.ttf */,
				825657C32B22A44F007EE228 /* Jost-BoldItalic-BF63dc52d0bd749.ttf */,
				825657C42B22A44F007EE228 /* Jost-ExtraBold-BF63dc52d09ee91.ttf */,
				825657C52B22A44F007EE228 /* Jost-SemiBoldItalic-BF63dc52d467823.ttf */,
				825657C62B22A44F007EE228 /* Jost-Light-BF63dc52d080910.ttf */,
				825657C72B22A44F007EE228 /* Jost-Regular.ttf */,
				825657C82B22A44F007EE228 /* Jost-Black.ttf */,
				825657C92B22A44F007EE228 /* README-BF63dc52e533e66.txt */,
				825657CA2B22A44F007EE228 /* Jost-VariableFont_wght-BF63dc52d44abca.ttf */,
				825657CB2B22A44F007EE228 /* OFL-BF63dc52e41dc2b.txt */,
				825657CC2B22A44F007EE228 /* Jost-SemiBold.ttf */,
				825657CD2B22A44F007EE228 /* Jost-LightItalic-BF63dc52d317383.ttf */,
				825657CE2B22A44F007EE228 /* Jost-ExtraLight-BF63dc52cf9e5ef.ttf */,
				825657CF2B22A44F007EE228 /* Jost-ThinItalic-BF63dc52d0b9091.ttf */,
				825657D02B22A44F007EE228 /* Jost-Italic-VariableFont_wght-BF63dc52d40a9ab.ttf */,
				825657D12B22A44F007EE228 /* Jost-ExtraBoldItalic-BF63dc52ceaed21.ttf */,
				825657D22B22A44F007EE228 /* Befonts-License.txt */,
				825657D32B22A44F007EE228 /* Jost-MediumItalic.ttf */,
				825657D42B22A44F007EE228 /* Jost-ExtraLightItalic-BF63dc52d196fc6.ttf */,
				825657D52B22A44F007EE228 /* Jost-Medium.ttf */,
				825657D62B22A44F007EE228 /* Jost-Bold-BF63dc52d022010.ttf */,
				825657D72B22A44F007EE228 /* Jost-Thin-BF63dc52d04ca41.ttf */,
				825657D82B22A44F007EE228 /* Jost-Italic-BF63dc52d04a053.ttf */,
			);
			path = "jost-font-family";
			sourceTree = "<group>";
		};
		825657F02B22B1E9007EE228 /* Extension */ = {
			isa = PBXGroup;
			children = (
				825657F12B22B1F5007EE228 /* UIView+Extension.swift */,
				825657F32B22BB23007EE228 /* UIColorPalette.swift */,
			);
			path = Extension;
			sourceTree = "<group>";
		};
		AC6C00DF23934ADE009246FA = {
			isa = PBXGroup;
			children = (
				AC6C00EA23934ADE009246FA /* ChallengeApp */,
				AC6C010123934AE0009246FA /* ChallengeAppTests */,
				AC6C010C23934AE0009246FA /* ChallengeAppUITests */,
				AC6C00E923934ADE009246FA /* Products */,
			);
			sourceTree = "<group>";
		};
		AC6C00E923934ADE009246FA /* Products */ = {
			isa = PBXGroup;
			children = (
				AC6C00E823934ADE009246FA /* ChallengeApp.app */,
				AC6C00FE23934AE0009246FA /* ChallengeAppTests.xctest */,
				AC6C010923934AE0009246FA /* ChallengeAppUITests.xctest */,
			);
			name = Products;
			sourceTree = "<group>";
		};
		AC6C00EA23934ADE009246FA /* ChallengeApp */ = {
			isa = PBXGroup;
			children = (
				AC6C00ED23934ADE009246FA /* SceneDelegate.swift */,
				AC6C00EB23934ADE009246FA /* AppDelegate.swift */,
				AC6C011D23934B2B009246FA /* Model */,
				AC6C011E23934B32009246FA /* NetWorking */,
				AC6C011C23934B18009246FA /* Controllers */,
				AC6C011F23934B39009246FA /* ViewModel */,
				AC6C011B23934B0E009246FA /* Views */,
				AC6C00F423934AE0009246FA /* Assets.xcassets */,
				AC6C012023934B8D009246FA /* Supporting Files */,
			);
			path = ChallengeApp;
			sourceTree = "<group>";
		};
		AC6C010123934AE0009246FA /* ChallengeAppTests */ = {
			isa = PBXGroup;
			children = (
				AC6C010223934AE0009246FA /* ChallengeAppTests.swift */,
				AC6C010423934AE0009246FA /* Info.plist */,
			);
			path = ChallengeAppTests;
			sourceTree = "<group>";
		};
		AC6C010C23934AE0009246FA /* ChallengeAppUITests */ = {
			isa = PBXGroup;
			children = (
				AC6C010D23934AE0009246FA /* ChallengeAppUITests.swift */,
				AC6C010F23934AE0009246FA /* Info.plist */,
			);
			path = ChallengeAppUITests;
			sourceTree = "<group>";
		};
		AC6C011B23934B0E009246FA /* Views */ = {
			isa = PBXGroup;
			children = (
				825657F02B22B1E9007EE228 /* Extension */,
				AC6C01352393FBB8009246FA /* TableViewCustomCells */,
				AC6C00F123934ADE009246FA /* Main.storyboard */,
				AC6C00F623934AE0009246FA /* LaunchScreen.storyboard */,
			);
			path = Views;
			sourceTree = "<group>";
		};
		AC6C011C23934B18009246FA /* Controllers */ = {
			isa = PBXGroup;
			children = (
				AC6C00EF23934ADE009246FA /* ViewController.swift */,
				ACDFF4232394019500B0DA98 /* CocktailsTableViewController.swift */,
				ACDFF425239443B300B0DA98 /* CocktailDetailsViewController.swift */,
			);
			path = Controllers;
			sourceTree = "<group>";
		};
		AC6C011D23934B2B009246FA /* Model */ = {
			isa = PBXGroup;
			children = (
				AC6C012123934D12009246FA /* Cocktail.swift */,
				AC6C01232393507B009246FA /* Ingredient.swift */,
				ACDFF4272394634B00B0DA98 /* JSONModelForCocktails.swift */,
				825657B52B2289C7007EE228 /* ErrorMessage.swift */,
			);
			path = Model;
			sourceTree = "<group>";
		};
		AC6C011E23934B32009246FA /* NetWorking */ = {
			isa = PBXGroup;
			children = (
				AC6C012523935CB7009246FA /* ApiClient.swift */,
				AC6C012723936216009246FA /* CocktailsApiRoute.swift */,
			);
			path = NetWorking;
			sourceTree = "<group>";
		};
		AC6C011F23934B39009246FA /* ViewModel */ = {
			isa = PBXGroup;
			children = (
				AC6C012B23936A61009246FA /* BaseViewModel.swift */,
				AC6C012923936A55009246FA /* CocktailsViewModel.swift */,
				AC6C01302393E6DA009246FA /* PreviewCocktailsViewModel.swift */,
			);
			path = ViewModel;
			sourceTree = "<group>";
		};
		AC6C012023934B8D009246FA /* Supporting Files */ = {
			isa = PBXGroup;
			children = (
				825657C12B22A44F007EE228 /* jost-font-family */,
				825657BA2B229C8D007EE228 /* launchCocktail.json */,
				AC6C00F923934AE0009246FA /* Info.plist */,
			);
			path = "Supporting Files";
			sourceTree = "<group>";
		};
		AC6C01352393FBB8009246FA /* TableViewCustomCells */ = {
			isa = PBXGroup;
			children = (
				AC6C01362393FBFE009246FA /* CocktailsPreviewTableViewCell.swift */,
				AC6C01372393FBFE009246FA /* CocktailsPreviewTableViewCell.xib */,
			);
			path = TableViewCustomCells;
			sourceTree = "<group>";
		};
/* End PBXGroup section */

/* Begin PBXNativeTarget section */
		AC6C00E723934ADE009246FA /* ChallengeApp */ = {
			isa = PBXNativeTarget;
			buildConfigurationList = AC6C011223934AE0009246FA /* Build configuration list for PBXNativeTarget "ChallengeApp" */;
			buildPhases = (
				AC6C00E423934ADE009246FA /* Sources */,
				AC6C00E523934ADE009246FA /* Frameworks */,
				AC6C00E623934ADE009246FA /* Resources */,
			);
			buildRules = (
			);
			dependencies = (
			);
			name = ChallengeApp;
			packageProductDependencies = (
				825657B32B2282C1007EE228 /* Alamofire */,
				825657B82B229C73007EE228 /* Lottie */,
				825657BF2B22A05B007EE228 /* Anchorage */,
			);
			productName = ChallengeApp;
			productReference = AC6C00E823934ADE009246FA /* ChallengeApp.app */;
			productType = "com.apple.product-type.application";
		};
		AC6C00FD23934AE0009246FA /* ChallengeAppTests */ = {
			isa = PBXNativeTarget;
			buildConfigurationList = AC6C011523934AE0009246FA /* Build configuration list for PBXNativeTarget "ChallengeAppTests" */;
			buildPhases = (
				AC6C00FA23934AE0009246FA /* Sources */,
				AC6C00FB23934AE0009246FA /* Frameworks */,
				AC6C00FC23934AE0009246FA /* Resources */,
			);
			buildRules = (
			);
			dependencies = (
				AC6C010023934AE0009246FA /* PBXTargetDependency */,
			);
			name = ChallengeAppTests;
			productName = ChallengeAppTests;
			productReference = AC6C00FE23934AE0009246FA /* ChallengeAppTests.xctest */;
			productType = "com.apple.product-type.bundle.unit-test";
		};
		AC6C010823934AE0009246FA /* ChallengeAppUITests */ = {
			isa = PBXNativeTarget;
			buildConfigurationList = AC6C011823934AE0009246FA /* Build configuration list for PBXNativeTarget "ChallengeAppUITests" */;
			buildPhases = (
				AC6C010523934AE0009246FA /* Sources */,
				AC6C010623934AE0009246FA /* Frameworks */,
				AC6C010723934AE0009246FA /* Resources */,
			);
			buildRules = (
			);
			dependencies = (
				AC6C010B23934AE0009246FA /* PBXTargetDependency */,
			);
			name = ChallengeAppUITests;
			productName = ChallengeAppUITests;
			productReference = AC6C010923934AE0009246FA /* ChallengeAppUITests.xctest */;
			productType = "com.apple.product-type.bundle.ui-testing";
		};
/* End PBXNativeTarget section */

/* Begin PBXProject section */
		AC6C00E023934ADE009246FA /* Project object */ = {
			isa = PBXProject;
			attributes = {
				BuildIndependentTargetsInParallel = YES;
				LastSwiftUpdateCheck = 1120;
				LastUpgradeCheck = 1500;
				ORGANIZATIONNAME = JoelsTeam;
				TargetAttributes = {
					AC6C00E723934ADE009246FA = {
						CreatedOnToolsVersion = 11.2.1;
					};
					AC6C00FD23934AE0009246FA = {
						CreatedOnToolsVersion = 11.2.1;
						TestTargetID = AC6C00E723934ADE009246FA;
					};
					AC6C010823934AE0009246FA = {
						CreatedOnToolsVersion = 11.2.1;
						TestTargetID = AC6C00E723934ADE009246FA;
					};
				};
			};
			buildConfigurationList = AC6C00E323934ADE009246FA /* Build configuration list for PBXProject "ChallengeApp" */;
			compatibilityVersion = "Xcode 9.3";
			developmentRegion = en;
			hasScannedForEncodings = 0;
			knownRegions = (
				en,
				Base,
			);
			mainGroup = AC6C00DF23934ADE009246FA;
			packageReferences = (
				825657B22B2282C1007EE228 /* XCRemoteSwiftPackageReference "Alamofire" */,
				825657B72B229C73007EE228 /* XCRemoteSwiftPackageReference "lottie-spm" */,
				825657BE2B22A05B007EE228 /* XCRemoteSwiftPackageReference "Anchorage" */,
			);
			productRefGroup = AC6C00E923934ADE009246FA /* Products */;
			projectDirPath = "";
			projectRoot = "";
			targets = (
				AC6C00E723934ADE009246FA /* ChallengeApp */,
				AC6C00FD23934AE0009246FA /* ChallengeAppTests */,
				AC6C010823934AE0009246FA /* ChallengeAppUITests */,
			);
		};
/* End PBXProject section */

/* Begin PBXResourcesBuildPhase section */
		AC6C00E623934ADE009246FA /* Resources */ = {
			isa = PBXResourcesBuildPhase;
			buildActionMask = 2147483647;
			files = (
				825657E72B22A44F007EE228 /* Jost-Italic-VariableFont_wght-BF63dc52d40a9ab.ttf in Resources */,
				825657E62B22A44F007EE228 /* Jost-ThinItalic-BF63dc52d0b9091.ttf in Resources */,
				825657ED2B22A44F007EE228 /* Jost-Bold-BF63dc52d022010.ttf in Resources */,
				825657DF2B22A44F007EE228 /* Jost-Black.ttf in Resources */,
				AC6C01392393FBFE009246FA /* CocktailsPreviewTableViewCell.xib in Resources */,
				825657EC2B22A44F007EE228 /* Jost-Medium.ttf in Resources */,
				825657E92B22A44F007EE228 /* Befonts-License.txt in Resources */,
				825657DB2B22A44F007EE228 /* Jost-ExtraBold-BF63dc52d09ee91.ttf in Resources */,
				AC6C00F823934AE0009246FA /* LaunchScreen.storyboard in Resources */,
				825657DE2B22A44F007EE228 /* Jost-Regular.ttf in Resources */,
				825657EA2B22A44F007EE228 /* Jost-MediumItalic.ttf in Resources */,
				825657E52B22A44F007EE228 /* Jost-ExtraLight-BF63dc52cf9e5ef.ttf in Resources */,
				825657E32B22A44F007EE228 /* Jost-SemiBold.ttf in Resources */,
				825657DA2B22A44F007EE228 /* Jost-BoldItalic-BF63dc52d0bd749.ttf in Resources */,
				825657E12B22A44F007EE228 /* Jost-VariableFont_wght-BF63dc52d44abca.ttf in Resources */,
				825657E82B22A44F007EE228 /* Jost-ExtraBoldItalic-BF63dc52ceaed21.ttf in Resources */,
				825657E22B22A44F007EE228 /* OFL-BF63dc52e41dc2b.txt in Resources */,
				825657D92B22A44F007EE228 /* Jost-BlackItalic-BF63dc52d2ad65f.ttf in Resources */,
				825657EE2B22A44F007EE228 /* Jost-Thin-BF63dc52d04ca41.ttf in Resources */,
				825657E02B22A44F007EE228 /* README-BF63dc52e533e66.txt in Resources */,
				AC6C00F523934AE0009246FA /* Assets.xcassets in Resources */,
				825657E42B22A44F007EE228 /* Jost-LightItalic-BF63dc52d317383.ttf in Resources */,
				825657EB2B22A44F007EE228 /* Jost-ExtraLightItalic-BF63dc52d196fc6.ttf in Resources */,
				AC6C00F323934ADE009246FA /* Main.storyboard in Resources */,
				825657DC2B22A44F007EE228 /* Jost-SemiBoldItalic-BF63dc52d467823.ttf in Resources */,
				825657BB2B229C8D007EE228 /* launchCocktail.json in Resources */,
				825657DD2B22A44F007EE228 /* Jost-Light-BF63dc52d080910.ttf in Resources */,
				825657EF2B22A44F007EE228 /* Jost-Italic-BF63dc52d04a053.ttf in Resources */,
			);
			runOnlyForDeploymentPostprocessing = 0;
		};
		AC6C00FC23934AE0009246FA /* Resources */ = {
			isa = PBXResourcesBuildPhase;
			buildActionMask = 2147483647;
			files = (
			);
			runOnlyForDeploymentPostprocessing = 0;
		};
		AC6C010723934AE0009246FA /* Resources */ = {
			isa = PBXResourcesBuildPhase;
			buildActionMask = 2147483647;
			files = (
			);
			runOnlyForDeploymentPostprocessing = 0;
		};
/* End PBXResourcesBuildPhase section */

/* Begin PBXSourcesBuildPhase section */
		AC6C00E423934ADE009246FA /* Sources */ = {
			isa = PBXSourcesBuildPhase;
			buildActionMask = 2147483647;
			files = (
				825657F42B22BB23007EE228 /* UIColorPalette.swift in Sources */,
				AC6C00F023934ADE009246FA /* ViewController.swift in Sources */,
				ACDFF4242394019500B0DA98 /* CocktailsTableViewController.swift in Sources */,
				AC6C012823936216009246FA /* CocktailsApiRoute.swift in Sources */,
				AC6C01312393E6DB009246FA /* PreviewCocktailsViewModel.swift in Sources */,
				AC6C00EC23934ADE009246FA /* AppDelegate.swift in Sources */,
				AC6C00EE23934ADE009246FA /* SceneDelegate.swift in Sources */,
				AC6C012A23936A55009246FA /* CocktailsViewModel.swift in Sources */,
				825657F22B22B1F5007EE228 /* UIView+Extension.swift in Sources */,
				825657B62B2289C7007EE228 /* ErrorMessage.swift in Sources */,
				ACDFF4282394634B00B0DA98 /* JSONModelForCocktails.swift in Sources */,
				AC6C012C23936A61009246FA /* BaseViewModel.swift in Sources */,
				AC6C012223934D12009246FA /* Cocktail.swift in Sources */,
				AC6C01382393FBFE009246FA /* CocktailsPreviewTableViewCell.swift in Sources */,
				ACDFF426239443B300B0DA98 /* CocktailDetailsViewController.swift in Sources */,
				AC6C01242393507B009246FA /* Ingredient.swift in Sources */,
				AC6C012623935CB7009246FA /* ApiClient.swift in Sources */,
			);
			runOnlyForDeploymentPostprocessing = 0;
		};
		AC6C00FA23934AE0009246FA /* Sources */ = {
			isa = PBXSourcesBuildPhase;
			buildActionMask = 2147483647;
			files = (
				AC6C010323934AE0009246FA /* ChallengeAppTests.swift in Sources */,
			);
			runOnlyForDeploymentPostprocessing = 0;
		};
		AC6C010523934AE0009246FA /* Sources */ = {
			isa = PBXSourcesBuildPhase;
			buildActionMask = 2147483647;
			files = (
				AC6C010E23934AE0009246FA /* ChallengeAppUITests.swift in Sources */,
			);
			runOnlyForDeploymentPostprocessing = 0;
		};
/* End PBXSourcesBuildPhase section */

/* Begin PBXTargetDependency section */
		AC6C010023934AE0009246FA /* PBXTargetDependency */ = {
			isa = PBXTargetDependency;
			target = AC6C00E723934ADE009246FA /* ChallengeApp */;
			targetProxy = AC6C00FF23934AE0009246FA /* PBXContainerItemProxy */;
		};
		AC6C010B23934AE0009246FA /* PBXTargetDependency */ = {
			isa = PBXTargetDependency;
			target = AC6C00E723934ADE009246FA /* ChallengeApp */;
			targetProxy = AC6C010A23934AE0009246FA /* PBXContainerItemProxy */;
		};
/* End PBXTargetDependency section */

/* Begin PBXVariantGroup section */
		AC6C00F123934ADE009246FA /* Main.storyboard */ = {
			isa = PBXVariantGroup;
			children = (
				AC6C00F223934ADE009246FA /* Base */,
			);
			name = Main.storyboard;
			sourceTree = "<group>";
		};
		AC6C00F623934AE0009246FA /* LaunchScreen.storyboard */ = {
			isa = PBXVariantGroup;
			children = (
				AC6C00F723934AE0009246FA /* Base */,
			);
			name = LaunchScreen.storyboard;
			sourceTree = "<group>";
		};
/* End PBXVariantGroup section */

/* Begin XCBuildConfiguration section */
		AC6C011023934AE0009246FA /* Debug */ = {
			isa = XCBuildConfiguration;
			buildSettings = {
				ALWAYS_SEARCH_USER_PATHS = NO;
				CLANG_ANALYZER_NONNULL = YES;
				CLANG_ANALYZER_NUMBER_OBJECT_CONVERSION = YES_AGGRESSIVE;
				CLANG_CXX_LANGUAGE_STANDARD = "gnu++14";
				CLANG_CXX_LIBRARY = "libc++";
				CLANG_ENABLE_MODULES = YES;
				CLANG_ENABLE_OBJC_ARC = YES;
				CLANG_ENABLE_OBJC_WEAK = YES;
				CLANG_WARN_BLOCK_CAPTURE_AUTORELEASING = YES;
				CLANG_WARN_BOOL_CONVERSION = YES;
				CLANG_WARN_COMMA = YES;
				CLANG_WARN_CONSTANT_CONVERSION = YES;
				CLANG_WARN_DEPRECATED_OBJC_IMPLEMENTATIONS = YES;
				CLANG_WARN_DIRECT_OBJC_ISA_USAGE = YES_ERROR;
				CLANG_WARN_DOCUMENTATION_COMMENTS = YES;
				CLANG_WARN_EMPTY_BODY = YES;
				CLANG_WARN_ENUM_CONVERSION = YES;
				CLANG_WARN_INFINITE_RECURSION = YES;
				CLANG_WARN_INT_CONVERSION = YES;
				CLANG_WARN_NON_LITERAL_NULL_CONVERSION = YES;
				CLANG_WARN_OBJC_IMPLICIT_RETAIN_SELF = YES;
				CLANG_WARN_OBJC_LITERAL_CONVERSION = YES;
				CLANG_WARN_OBJC_ROOT_CLASS = YES_ERROR;
				CLANG_WARN_QUOTED_INCLUDE_IN_FRAMEWORK_HEADER = YES;
				CLANG_WARN_RANGE_LOOP_ANALYSIS = YES;
				CLANG_WARN_STRICT_PROTOTYPES = YES;
				CLANG_WARN_SUSPICIOUS_MOVE = YES;
				CLANG_WARN_UNGUARDED_AVAILABILITY = YES_AGGRESSIVE;
				CLANG_WARN_UNREACHABLE_CODE = YES;
				CLANG_WARN__DUPLICATE_METHOD_MATCH = YES;
				COPY_PHASE_STRIP = NO;
				DEBUG_INFORMATION_FORMAT = dwarf;
				ENABLE_STRICT_OBJC_MSGSEND = YES;
				ENABLE_TESTABILITY = YES;
				ENABLE_USER_SCRIPT_SANDBOXING = YES;
				GCC_C_LANGUAGE_STANDARD = gnu11;
				GCC_DYNAMIC_NO_PIC = NO;
				GCC_NO_COMMON_BLOCKS = YES;
				GCC_OPTIMIZATION_LEVEL = 0;
				GCC_PREPROCESSOR_DEFINITIONS = (
					"DEBUG=1",
					"$(inherited)",
				);
				GCC_WARN_64_TO_32_BIT_CONVERSION = YES;
				GCC_WARN_ABOUT_RETURN_TYPE = YES_ERROR;
				GCC_WARN_UNDECLARED_SELECTOR = YES;
				GCC_WARN_UNINITIALIZED_AUTOS = YES_AGGRESSIVE;
				GCC_WARN_UNUSED_FUNCTION = YES;
				GCC_WARN_UNUSED_VARIABLE = YES;
				IPHONEOS_DEPLOYMENT_TARGET = 13.2;
				MTL_ENABLE_DEBUG_INFO = INCLUDE_SOURCE;
				MTL_FAST_MATH = YES;
				ONLY_ACTIVE_ARCH = YES;
				SDKROOT = iphoneos;
				SWIFT_ACTIVE_COMPILATION_CONDITIONS = DEBUG;
				SWIFT_OPTIMIZATION_LEVEL = "-Onone";
			};
			name = Debug;
		};
		AC6C011123934AE0009246FA /* Release */ = {
			isa = XCBuildConfiguration;
			buildSettings = {
				ALWAYS_SEARCH_USER_PATHS = NO;
				CLANG_ANALYZER_NONNULL = YES;
				CLANG_ANALYZER_NUMBER_OBJECT_CONVERSION = YES_AGGRESSIVE;
				CLANG_CXX_LANGUAGE_STANDARD = "gnu++14";
				CLANG_CXX_LIBRARY = "libc++";
				CLANG_ENABLE_MODULES = YES;
				CLANG_ENABLE_OBJC_ARC = YES;
				CLANG_ENABLE_OBJC_WEAK = YES;
				CLANG_WARN_BLOCK_CAPTURE_AUTORELEASING = YES;
				CLANG_WARN_BOOL_CONVERSION = YES;
				CLANG_WARN_COMMA = YES;
				CLANG_WARN_CONSTANT_CONVERSION = YES;
				CLANG_WARN_DEPRECATED_OBJC_IMPLEMENTATIONS = YES;
				CLANG_WARN_DIRECT_OBJC_ISA_USAGE = YES_ERROR;
				CLANG_WARN_DOCUMENTATION_COMMENTS = YES;
				CLANG_WARN_EMPTY_BODY = YES;
				CLANG_WARN_ENUM_CONVERSION = YES;
				CLANG_WARN_INFINITE_RECURSION = YES;
				CLANG_WARN_INT_CONVERSION = YES;
				CLANG_WARN_NON_LITERAL_NULL_CONVERSION = YES;
				CLANG_WARN_OBJC_IMPLICIT_RETAIN_SELF = YES;
				CLANG_WARN_OBJC_LITERAL_CONVERSION = YES;
				CLANG_WARN_OBJC_ROOT_CLASS = YES_ERROR;
				CLANG_WARN_QUOTED_INCLUDE_IN_FRAMEWORK_HEADER = YES;
				CLANG_WARN_RANGE_LOOP_ANALYSIS = YES;
				CLANG_WARN_STRICT_PROTOTYPES = YES;
				CLANG_WARN_SUSPICIOUS_MOVE = YES;
				CLANG_WARN_UNGUARDED_AVAILABILITY = YES_AGGRESSIVE;
				CLANG_WARN_UNREACHABLE_CODE = YES;
				CLANG_WARN__DUPLICATE_METHOD_MATCH = YES;
				COPY_PHASE_STRIP = NO;
				DEBUG_INFORMATION_FORMAT = "dwarf-with-dsym";
				ENABLE_NS_ASSERTIONS = NO;
				ENABLE_STRICT_OBJC_MSGSEND = YES;
				ENABLE_USER_SCRIPT_SANDBOXING = YES;
				GCC_C_LANGUAGE_STANDARD = gnu11;
				GCC_NO_COMMON_BLOCKS = YES;
				GCC_WARN_64_TO_32_BIT_CONVERSION = YES;
				GCC_WARN_ABOUT_RETURN_TYPE = YES_ERROR;
				GCC_WARN_UNDECLARED_SELECTOR = YES;
				GCC_WARN_UNINITIALIZED_AUTOS = YES_AGGRESSIVE;
				GCC_WARN_UNUSED_FUNCTION = YES;
				GCC_WARN_UNUSED_VARIABLE = YES;
				IPHONEOS_DEPLOYMENT_TARGET = 13.2;
				MTL_ENABLE_DEBUG_INFO = NO;
				MTL_FAST_MATH = YES;
				SDKROOT = iphoneos;
				SWIFT_COMPILATION_MODE = wholemodule;
				SWIFT_OPTIMIZATION_LEVEL = "-O";
				VALIDATE_PRODUCT = YES;
			};
			name = Release;
		};
		AC6C011323934AE0009246FA /* Debug */ = {
			isa = XCBuildConfiguration;
			buildSettings = {
				ASSETCATALOG_COMPILER_APPICON_NAME = AppIcon;
				CODE_SIGN_STYLE = Automatic;
				DEVELOPMENT_TEAM = 35MN533ZJW;
				INFOPLIST_FILE = "ChallengeApp/Supporting Files/Info.plist";
				LD_RUNPATH_SEARCH_PATHS = (
					"$(inherited)",
					"@executable_path/Frameworks",
				);
				PRODUCT_BUNDLE_IDENTIFIER = com.team.ChallengeApp.ChallengeApp;
				PRODUCT_NAME = "$(TARGET_NAME)";
				SWIFT_VERSION = 5.0;
				TARGETED_DEVICE_FAMILY = 1;
			};
			name = Debug;
		};
		AC6C011423934AE0009246FA /* Release */ = {
			isa = XCBuildConfiguration;
			buildSettings = {
				ASSETCATALOG_COMPILER_APPICON_NAME = AppIcon;
				CODE_SIGN_STYLE = Automatic;
				DEVELOPMENT_TEAM = 35MN533ZJW;
				INFOPLIST_FILE = "ChallengeApp/Supporting Files/Info.plist";
				LD_RUNPATH_SEARCH_PATHS = (
					"$(inherited)",
					"@executable_path/Frameworks",
				);
				PRODUCT_BUNDLE_IDENTIFIER = com.team.ChallengeApp.ChallengeApp;
				PRODUCT_NAME = "$(TARGET_NAME)";
				SWIFT_VERSION = 5.0;
				TARGETED_DEVICE_FAMILY = 1;
			};
			name = Release;
		};
		AC6C011623934AE0009246FA /* Debug */ = {
			isa = XCBuildConfiguration;
			buildSettings = {
				ALWAYS_EMBED_SWIFT_STANDARD_LIBRARIES = YES;
				BUNDLE_LOADER = "$(TEST_HOST)";
				CODE_SIGN_STYLE = Automatic;
				DEVELOPMENT_TEAM = W2DJ7D8UD2;
				INFOPLIST_FILE = ChallengeAppTests/Info.plist;
				IPHONEOS_DEPLOYMENT_TARGET = 13.2;
				LD_RUNPATH_SEARCH_PATHS = (
					"$(inherited)",
					"@executable_path/Frameworks",
					"@loader_path/Frameworks",
				);
				PRODUCT_BUNDLE_IDENTIFIER = com.team.ChallengeApp.ChallengeAppTests;
				PRODUCT_NAME = "$(TARGET_NAME)";
				SWIFT_VERSION = 5.0;
				TARGETED_DEVICE_FAMILY = "1,2";
				TEST_HOST = "$(BUILT_PRODUCTS_DIR)/ChallengeApp.app/ChallengeApp";
			};
			name = Debug;
		};
		AC6C011723934AE0009246FA /* Release */ = {
			isa = XCBuildConfiguration;
			buildSettings = {
				ALWAYS_EMBED_SWIFT_STANDARD_LIBRARIES = YES;
				BUNDLE_LOADER = "$(TEST_HOST)";
				CODE_SIGN_STYLE = Automatic;
				DEVELOPMENT_TEAM = W2DJ7D8UD2;
				INFOPLIST_FILE = ChallengeAppTests/Info.plist;
				IPHONEOS_DEPLOYMENT_TARGET = 13.2;
				LD_RUNPATH_SEARCH_PATHS = (
					"$(inherited)",
					"@executable_path/Frameworks",
					"@loader_path/Frameworks",
				);
				PRODUCT_BUNDLE_IDENTIFIER = com.team.ChallengeApp.ChallengeAppTests;
				PRODUCT_NAME = "$(TARGET_NAME)";
				SWIFT_VERSION = 5.0;
				TARGETED_DEVICE_FAMILY = "1,2";
				TEST_HOST = "$(BUILT_PRODUCTS_DIR)/ChallengeApp.app/ChallengeApp";
			};
			name = Release;
		};
		AC6C011923934AE0009246FA /* Debug */ = {
			isa = XCBuildConfiguration;
			buildSettings = {
				ALWAYS_EMBED_SWIFT_STANDARD_LIBRARIES = YES;
				CODE_SIGN_STYLE = Automatic;
				DEVELOPMENT_TEAM = W2DJ7D8UD2;
				INFOPLIST_FILE = ChallengeAppUITests/Info.plist;
				LD_RUNPATH_SEARCH_PATHS = (
					"$(inherited)",
					"@executable_path/Frameworks",
					"@loader_path/Frameworks",
				);
				PRODUCT_BUNDLE_IDENTIFIER = com.team.ChallengeApp.ChallengeAppUITests;
				PRODUCT_NAME = "$(TARGET_NAME)";
				SWIFT_VERSION = 5.0;
				TARGETED_DEVICE_FAMILY = "1,2";
				TEST_TARGET_NAME = ChallengeApp;
			};
			name = Debug;
		};
		AC6C011A23934AE0009246FA /* Release */ = {
			isa = XCBuildConfiguration;
			buildSettings = {
				ALWAYS_EMBED_SWIFT_STANDARD_LIBRARIES = YES;
				CODE_SIGN_STYLE = Automatic;
				DEVELOPMENT_TEAM = W2DJ7D8UD2;
				INFOPLIST_FILE = ChallengeAppUITests/Info.plist;
				LD_RUNPATH_SEARCH_PATHS = (
					"$(inherited)",
					"@executable_path/Frameworks",
					"@loader_path/Frameworks",
				);
				PRODUCT_BUNDLE_IDENTIFIER = com.team.ChallengeApp.ChallengeAppUITests;
				PRODUCT_NAME = "$(TARGET_NAME)";
				SWIFT_VERSION = 5.0;
				TARGETED_DEVICE_FAMILY = "1,2";
				TEST_TARGET_NAME = ChallengeApp;
			};
			name = Release;
		};
/* End XCBuildConfiguration section */

/* Begin XCConfigurationList section */
		AC6C00E323934ADE009246FA /* Build configuration list for PBXProject "ChallengeApp" */ = {
			isa = XCConfigurationList;
			buildConfigurations = (
				AC6C011023934AE0009246FA /* Debug */,
				AC6C011123934AE0009246FA /* Release */,
			);
			defaultConfigurationIsVisible = 0;
			defaultConfigurationName = Release;
		};
		AC6C011223934AE0009246FA /* Build configuration list for PBXNativeTarget "ChallengeApp" */ = {
			isa = XCConfigurationList;
			buildConfigurations = (
				AC6C011323934AE0009246FA /* Debug */,
				AC6C011423934AE0009246FA /* Release */,
			);
			defaultConfigurationIsVisible = 0;
			defaultConfigurationName = Release;
		};
		AC6C011523934AE0009246FA /* Build configuration list for PBXNativeTarget "ChallengeAppTests" */ = {
			isa = XCConfigurationList;
			buildConfigurations = (
				AC6C011623934AE0009246FA /* Debug */,
				AC6C011723934AE0009246FA /* Release */,
			);
			defaultConfigurationIsVisible = 0;
			defaultConfigurationName = Release;
		};
		AC6C011823934AE0009246FA /* Build configuration list for PBXNativeTarget "ChallengeAppUITests" */ = {
			isa = XCConfigurationList;
			buildConfigurations = (
				AC6C011923934AE0009246FA /* Debug */,
				AC6C011A23934AE0009246FA /* Release */,
			);
			defaultConfigurationIsVisible = 0;
			defaultConfigurationName = Release;
		};
/* End XCConfigurationList section */

/* Begin XCRemoteSwiftPackageReference section */
		825657B22B2282C1007EE228 /* XCRemoteSwiftPackageReference "Alamofire" */ = {
			isa = XCRemoteSwiftPackageReference;
			repositoryURL = "https://github.com/Alamofire/Alamofire";
			requirement = {
				kind = upToNextMajorVersion;
				minimumVersion = 5.8.1;
			};
		};
		825657B72B229C73007EE228 /* XCRemoteSwiftPackageReference "lottie-spm" */ = {
			isa = XCRemoteSwiftPackageReference;
			repositoryURL = "https://github.com/airbnb/lottie-spm";
			requirement = {
				kind = upToNextMajorVersion;
				minimumVersion = 4.3.4;
			};
		};
		825657BE2B22A05B007EE228 /* XCRemoteSwiftPackageReference "Anchorage" */ = {
			isa = XCRemoteSwiftPackageReference;
			repositoryURL = "https://github.com/Rightpoint/Anchorage";
			requirement = {
				kind = upToNextMajorVersion;
				minimumVersion = 4.5.0;
			};
		};
/* End XCRemoteSwiftPackageReference section */

/* Begin XCSwiftPackageProductDependency section */
		825657B32B2282C1007EE228 /* Alamofire */ = {
			isa = XCSwiftPackageProductDependency;
			package = 825657B22B2282C1007EE228 /* XCRemoteSwiftPackageReference "Alamofire" */;
			productName = Alamofire;
		};
		825657B82B229C73007EE228 /* Lottie */ = {
			isa = XCSwiftPackageProductDependency;
			package = 825657B72B229C73007EE228 /* XCRemoteSwiftPackageReference "lottie-spm" */;
			productName = Lottie;
		};
		825657BF2B22A05B007EE228 /* Anchorage */ = {
			isa = XCSwiftPackageProductDependency;
			package = 825657BE2B22A05B007EE228 /* XCRemoteSwiftPackageReference "Anchorage" */;
			productName = Anchorage;
		};
/* End XCSwiftPackageProductDependency section */
	};
	rootObject = AC6C00E023934ADE009246FA /* Project object */;
}
