{
  "pins" : [
    {
      "identity" : "alamofire",
      "kind" : "remoteSourceControl",
      "location" : "https://github.com/Alamofire/Alamofire",
      "state" : {
        "revision" : "3dc6a42c7727c49bf26508e29b0a0b35f9c7e1ad",
        "version" : "5.8.1"
      }
    },
    {
      "identity" : "anchorage",
      "kind" : "remoteSourceControl",
      "location" : "https://github.com/Rightpoint/Anchorage",
      "state" : {
        "revision" : "23a6dd0ccf9529d2750d8679a2e74a161cff2f16",
        "version" : "4.5.0"
      }
    },
    {
      "identity" : "lottie-spm",
      "kind" : "remoteSourceControl",
      "location" : "https://github.com/airbnb/lottie-spm",
      "state" : {
        "revision" : "96790253c1a82223bd43da651121abfd7e96d0f3",
        "version" : "4.3.4"
      }
    }
  ],
  "version" : 2
}
